
Microsoft Visual Studio Solution File, Format Version 12.00
# Visual Studio 15
VisualStudioVersion = 15.0.28010.2041
MinimumVisualStudioVersion = 10.0.40219.1
Project("{9A19103F-16F7-4668-BE54-9A1E7A4F7556}") = "Sender", "Sender\Sender.csproj", "{7EC8BB94-0C7C-4874-9AEC-A870CAF5C082}"
EndProject
Project("{9A19103F-16F7-4668-BE54-9A1E7A4F7556}") = "Receiver", "Receiver\Receiver.csproj", "{0D683433-4B81-4A4E-9DC2-444E63600F9B}"
EndProject
Project("{9A19103F-16F7-4668-BE54-9A1E7A4F7556}") = "Receiver-NServiceBus", "Receiver-NServiceBus\Receiver-NServiceBus.csproj", "{B692FFBF-9495-45D3-816C-5A4E77370902}"
EndProject
Project("{2150E333-8FDC-42A3-9474-1A3956D46DE8}") = "Solution Items", "Solution Items", "{4DD0C8E5-2DB8-45A1-8F3D-FA8DBD16079F}"
	ProjectSection(SolutionItems) = preProject
		README.md = README.md
	EndProjectSection
EndProject
Project("{FAE04EC0-301F-11D3-BF4B-00C04F79EFBC}") = "BlueReceiver", "BlueReceiver\BlueReceiver.csproj", "{8E9307AA-3A1E-42CF-905D-E07204D68053}"
EndProject
Global
	GlobalSection(SolutionConfigurationPlatforms) = preSolution
		Debug|Any CPU = Debug|Any CPU
		Release|Any CPU = Release|Any CPU
	EndGlobalSection
	GlobalSection(ProjectConfigurationPlatforms) = postSolution
		{7EC8BB94-0C7C-4874-9AEC-A870CAF5C082}.Debug|Any CPU.ActiveCfg = Debug|Any CPU
		{7EC8BB94-0C7C-4874-9AEC-A870CAF5C082}.Debug|Any CPU.Build.0 = Debug|Any CPU
		{7EC8BB94-0C7C-4874-9AEC-A870CAF5C082}.Release|Any CPU.ActiveCfg = Release|Any CPU
		{7EC8BB94-0C7C-4874-9AEC-A870CAF5C082}.Release|Any CPU.Build.0 = Release|Any CPU
		{0D683433-4B81-4A4E-9DC2-444E63600F9B}.Debug|Any CPU.ActiveCfg = Debug|Any CPU
		{0D683433-4B81-4A4E-9DC2-444E63600F9B}.Debug|Any CPU.Build.0 = Debug|Any CPU
		{0D683433-4B81-4A4E-9DC2-444E63600F9B}.Release|Any CPU.ActiveCfg = Release|Any CPU
		{0D683433-4B81-4A4E-9DC2-444E63600F9B}.Release|Any CPU.Build.0 = Release|Any CPU
		{B692FFBF-9495-45D3-816C-5A4E77370902}.Debug|Any CPU.ActiveCfg = Debug|Any CPU
		{B692FFBF-9495-45D3-816C-5A4E77370902}.Debug|Any CPU.Build.0 = Debug|Any CPU
		{B692FFBF-9495-45D3-816C-5A4E77370902}.Release|Any CPU.ActiveCfg = Release|Any CPU
		{B692FFBF-9495-45D3-816C-5A4E77370902}.Release|Any CPU.Build.0 = Release|Any CPU
		{8E9307AA-3A1E-42CF-905D-E07204D68053}.Debug|Any CPU.ActiveCfg = Debug|Any CPU
		{8E9307AA-3A1E-42CF-905D-E07204D68053}.Debug|Any CPU.Build.0 = Debug|Any CPU
		{8E9307AA-3A1E-42CF-905D-E07204D68053}.Release|Any CPU.ActiveCfg = Release|Any CPU
		{8E9307AA-3A1E-42CF-905D-E07204D68053}.Release|Any CPU.Build.0 = Release|Any CPU
	EndGlobalSection
	GlobalSection(SolutionProperties) = preSolution
		HideSolutionNode = FALSE
	EndGlobalSection
	GlobalSection(ExtensibilityGlobals) = postSolution
		SolutionGuid = {1B2CF968-A9C1-46FC-B476-EE6F63606E79}
	EndGlobalSection
EndGlobal
